
Microsoft Visual Studio Solution File, Format Version 12.00
# Visual Studio Version 17
VisualStudioVersion = 17.9.34723.18
MinimumVisualStudioVersion = 10.0.40219.1
Project("{9A19103F-16F7-4668-BE54-9A1E7A4F7556}") = "NatechAssignment", "NatechAssignment\NatechAssignment.csproj", "{B3B4531B-B363-40C0-88A4-566705E555ED}"
EndProject
Project("{9A19103F-16F7-4668-BE54-9A1E7A4F7556}") = "Natech.DataLayer", "DataLayer\Natech.DataLayer.csproj", "{648D35A2-1E3A-42A9-AB09-66D2B91B767C}"
EndProject
Project("{9A19103F-16F7-4668-BE54-9A1E7A4F7556}") = "Natech.Common", "Natech.Common\Natech.Common.csproj", "{B4A7C049-2D6D-4A2F-B23D-040FC21E0F77}"
EndProject
Project("{9A19103F-16F7-4668-BE54-9A1E7A4F7556}") = "Natech.Services", "Natech.BussinessLayer\Natech.Services.csproj", "{C084E1BC-B6C5-48B8-9226-5C3FBCB62E59}"
EndProject
Global
	GlobalSection(SolutionConfigurationPlatforms) = preSolution
		Debug|Any CPU = Debug|Any CPU
		Release|Any CPU = Release|Any CPU
	EndGlobalSection
	GlobalSection(ProjectConfigurationPlatforms) = postSolution
		{B3B4531B-B363-40C0-88A4-566705E555ED}.Debug|Any CPU.ActiveCfg = Debug|Any CPU
		{B3B4531B-B363-40C0-88A4-566705E555ED}.Debug|Any CPU.Build.0 = Debug|Any CPU
		{B3B4531B-B363-40C0-88A4-566705E555ED}.Release|Any CPU.ActiveCfg = Release|Any CPU
		{B3B4531B-B363-40C0-88A4-566705E555ED}.Release|Any CPU.Build.0 = Release|Any CPU
		{648D35A2-1E3A-42A9-AB09-66D2B91B767C}.Debug|Any CPU.ActiveCfg = Debug|Any CPU
		{648D35A2-1E3A-42A9-AB09-66D2B91B767C}.Debug|Any CPU.Build.0 = Debug|Any CPU
		{648D35A2-1E3A-42A9-AB09-66D2B91B767C}.Release|Any CPU.ActiveCfg = Release|Any CPU
		{648D35A2-1E3A-42A9-AB09-66D2B91B767C}.Release|Any CPU.Build.0 = Release|Any CPU
		{B4A7C049-2D6D-4A2F-B23D-040FC21E0F77}.Debug|Any CPU.ActiveCfg = Debug|Any CPU
		{B4A7C049-2D6D-4A2F-B23D-040FC21E0F77}.Debug|Any CPU.Build.0 = Debug|Any CPU
		{B4A7C049-2D6D-4A2F-B23D-040FC21E0F77}.Release|Any CPU.ActiveCfg = Release|Any CPU
		{B4A7C049-2D6D-4A2F-B23D-040FC21E0F77}.Release|Any CPU.Build.0 = Release|Any CPU
		{C084E1BC-B6C5-48B8-9226-5C3FBCB62E59}.Debug|Any CPU.ActiveCfg = Debug|Any CPU
		{C084E1BC-B6C5-48B8-9226-5C3FBCB62E59}.Debug|Any CPU.Build.0 = Debug|Any CPU
		{C084E1BC-B6C5-48B8-9226-5C3FBCB62E59}.Release|Any CPU.ActiveCfg = Release|Any CPU
		{C084E1BC-B6C5-48B8-9226-5C3FBCB62E59}.Release|Any CPU.Build.0 = Release|Any CPU
	EndGlobalSection
	GlobalSection(SolutionProperties) = preSolution
		HideSolutionNode = FALSE
	EndGlobalSection
	GlobalSection(ExtensibilityGlobals) = postSolution
		SolutionGuid = {E64D839E-9556-4BE6-9764-2A199D93C0DD}
	EndGlobalSection
EndGlobal
